
Microsoft Visual Studio Solution File, Format Version 12.00
# Visual Studio Version 16
VisualStudioVersion = 16.0.29509.3
MinimumVisualStudioVersion = 10.0.40219.1
Project("{FAE04EC0-301F-11D3-BF4B-00C04F79EFBC}") = "SIS.HTTP", "SIS.HTTP\SIS.HTTP.csproj", "{1FAABE3E-F702-47ED-8E20-E9B1980196B5}"
EndProject
Project("{FAE04EC0-301F-11D3-BF4B-00C04F79EFBC}") = "SIS.MvcFramework", "SIS.MvcFramework\SIS.MvcFramework.csproj", "{CE494EAC-B5AE-4C1F-A603-CA35F99DA46E}"
EndProject
Project("{FAE04EC0-301F-11D3-BF4B-00C04F79EFBC}") = "DemoApp", "DemoApp\DemoApp.csproj", "{B1D4C148-6551-42A1-87F8-BDE3C85B696D}"
EndProject
Global
	GlobalSection(SolutionConfigurationPlatforms) = preSolution
		Debug|Any CPU = Debug|Any CPU
		Release|Any CPU = Release|Any CPU
	EndGlobalSection
	GlobalSection(ProjectConfigurationPlatforms) = postSolution
		{1FAABE3E-F702-47ED-8E20-E9B1980196B5}.Debug|Any CPU.ActiveCfg = Debug|Any CPU
		{1FAABE3E-F702-47ED-8E20-E9B1980196B5}.Debug|Any CPU.Build.0 = Debug|Any CPU
		{1FAABE3E-F702-47ED-8E20-E9B1980196B5}.Release|Any CPU.ActiveCfg = Release|Any CPU
		{1FAABE3E-F702-47ED-8E20-E9B1980196B5}.Release|Any CPU.Build.0 = Release|Any CPU
		{CE494EAC-B5AE-4C1F-A603-CA35F99DA46E}.Debug|Any CPU.ActiveCfg = Debug|Any CPU
		{CE494EAC-B5AE-4C1F-A603-CA35F99DA46E}.Debug|Any CPU.Build.0 = Debug|Any CPU
		{CE494EAC-B5AE-4C1F-A603-CA35F99DA46E}.Release|Any CPU.ActiveCfg = Release|Any CPU
		{CE494EAC-B5AE-4C1F-A603-CA35F99DA46E}.Release|Any CPU.Build.0 = Release|Any CPU
		{B1D4C148-6551-42A1-87F8-BDE3C85B696D}.Debug|Any CPU.ActiveCfg = Debug|Any CPU
		{B1D4C148-6551-42A1-87F8-BDE3C85B696D}.Debug|Any CPU.Build.0 = Debug|Any CPU
		{B1D4C148-6551-42A1-87F8-BDE3C85B696D}.Release|Any CPU.ActiveCfg = Release|Any CPU
		{B1D4C148-6551-42A1-87F8-BDE3C85B696D}.Release|Any CPU.Build.0 = Release|Any CPU
	EndGlobalSection
	GlobalSection(SolutionProperties) = preSolution
		HideSolutionNode = FALSE
	EndGlobalSection
	GlobalSection(ExtensibilityGlobals) = postSolution
		SolutionGuid = {03C5BEC3-CD09-4803-8362-EE58D6C00EDD}
	EndGlobalSection
EndGlobal
